
Microsoft Visual Studio Solution File, Format Version 12.00
# Visual Studio Version 16
VisualStudioVersion = 16.0.29728.190
MinimumVisualStudioVersion = 10.0.40219.1
Project("{FAE04EC0-301F-11D3-BF4B-00C04F79EFBC}") = "Proyecto", "Proyecto\Proyecto.csproj", "{15FF7C40-FC3D-4D55-BB06-B8CED255AD85}"
EndProject
Global
	GlobalSection(SolutionConfigurationPlatforms) = preSolution
		Debug|Any CPU = Debug|Any CPU
		Release|Any CPU = Release|Any CPU
	EndGlobalSection
	GlobalSection(ProjectConfigurationPlatforms) = postSolution
		{15FF7C40-FC3D-4D55-BB06-B8CED255AD85}.Debug|Any CPU.ActiveCfg = Debug|Any CPU
		{15FF7C40-FC3D-4D55-BB06-B8CED255AD85}.Debug|Any CPU.Build.0 = Debug|Any CPU
		{15FF7C40-FC3D-4D55-BB06-B8CED255AD85}.Release|Any CPU.ActiveCfg = Release|Any CPU
		{15FF7C40-FC3D-4D55-BB06-B8CED255AD85}.Release|Any CPU.Build.0 = Release|Any CPU
	EndGlobalSection
	GlobalSection(SolutionProperties) = preSolution
		HideSolutionNode = FALSE
	EndGlobalSection
	GlobalSection(ExtensibilityGlobals) = postSolution
		SolutionGuid = {F7361F13-42DC-403D-B074-F031E0C8D6C4}
	EndGlobalSection
EndGlobal
